
Microsoft Visual Studio Solution File, Format Version 12.00
# Visual Studio Version 17
VisualStudioVersion = 17.8.34227.203
MinimumVisualStudioVersion = 10.0.40219.1
Project("{FAE04EC0-301F-11D3-BF4B-00C04F79EFBC}") = "WasmDemo", "WasmDemo\WasmDemo.csproj", "{1AD8F134-62DA-4071-B3EA-6839DA0551BA}"
EndProject
Project("{FAE04EC0-301F-11D3-BF4B-00C04F79EFBC}") = "PwaWasmDemo", "PwaWasmDemo\PwaWasmDemo.csproj", "{83A7118D-DDB7-483B-8DC7-624F9AE77042}"
EndProject
Global
	GlobalSection(SolutionConfigurationPlatforms) = preSolution
		Debug|Any CPU = Debug|Any CPU
		Release|Any CPU = Release|Any CPU
	EndGlobalSection
	GlobalSection(ProjectConfigurationPlatforms) = postSolution
		{1AD8F134-62DA-4071-B3EA-6839DA0551BA}.Debug|Any CPU.ActiveCfg = Debug|Any CPU
		{1AD8F134-62DA-4071-B3EA-6839DA0551BA}.Debug|Any CPU.Build.0 = Debug|Any CPU
		{1AD8F134-62DA-4071-B3EA-6839DA0551BA}.Release|Any CPU.ActiveCfg = Release|Any CPU
		{1AD8F134-62DA-4071-B3EA-6839DA0551BA}.Release|Any CPU.Build.0 = Release|Any CPU
		{83A7118D-DDB7-483B-8DC7-624F9AE77042}.Debug|Any CPU.ActiveCfg = Debug|Any CPU
		{83A7118D-DDB7-483B-8DC7-624F9AE77042}.Debug|Any CPU.Build.0 = Debug|Any CPU
		{83A7118D-DDB7-483B-8DC7-624F9AE77042}.Release|Any CPU.ActiveCfg = Release|Any CPU
		{83A7118D-DDB7-483B-8DC7-624F9AE77042}.Release|Any CPU.Build.0 = Release|Any CPU
	EndGlobalSection
	GlobalSection(SolutionProperties) = preSolution
		HideSolutionNode = FALSE
	EndGlobalSection
	GlobalSection(ExtensibilityGlobals) = postSolution
		SolutionGuid = {8F356E11-A487-469A-926A-B4C717356496}
	EndGlobalSection
EndGlobal
