
Microsoft Visual Studio Solution File, Format Version 12.00
# Visual Studio Version 17
VisualStudioVersion = 17.8.34227.203
MinimumVisualStudioVersion = 10.0.40219.1
Project("{FAE04EC0-301F-11D3-BF4B-00C04F79EFBC}") = "KeyConcepts", "KeyConcepts\KeyConcepts\KeyConcepts.csproj", "{9B969797-F503-4913-BB76-E08CF4C0BA42}"
EndProject
Project("{FAE04EC0-301F-11D3-BF4B-00C04F79EFBC}") = "KeyConcepts.Client", "KeyConcepts\KeyConcepts.Client\KeyConcepts.Client.csproj", "{6E9E358D-320A-4FAB-B8C8-0FCF7A90F1A8}"
EndProject
Global
	GlobalSection(SolutionConfigurationPlatforms) = preSolution
		Debug|Any CPU = Debug|Any CPU
		Release|Any CPU = Release|Any CPU
	EndGlobalSection
	GlobalSection(ProjectConfigurationPlatforms) = postSolution
		{9B969797-F503-4913-BB76-E08CF4C0BA42}.Debug|Any CPU.ActiveCfg = Debug|Any CPU
		{9B969797-F503-4913-BB76-E08CF4C0BA42}.Debug|Any CPU.Build.0 = Debug|Any CPU
		{9B969797-F503-4913-BB76-E08CF4C0BA42}.Release|Any CPU.ActiveCfg = Release|Any CPU
		{9B969797-F503-4913-BB76-E08CF4C0BA42}.Release|Any CPU.Build.0 = Release|Any CPU
		{6E9E358D-320A-4FAB-B8C8-0FCF7A90F1A8}.Debug|Any CPU.ActiveCfg = Debug|Any CPU
		{6E9E358D-320A-4FAB-B8C8-0FCF7A90F1A8}.Debug|Any CPU.Build.0 = Debug|Any CPU
		{6E9E358D-320A-4FAB-B8C8-0FCF7A90F1A8}.Release|Any CPU.ActiveCfg = Release|Any CPU
		{6E9E358D-320A-4FAB-B8C8-0FCF7A90F1A8}.Release|Any CPU.Build.0 = Release|Any CPU
	EndGlobalSection
	GlobalSection(SolutionProperties) = preSolution
		HideSolutionNode = FALSE
	EndGlobalSection
	GlobalSection(ExtensibilityGlobals) = postSolution
		SolutionGuid = {B2ADD913-A261-4F28-AA92-067E67B41202}
	EndGlobalSection
EndGlobal
