
Microsoft Visual Studio Solution File, Format Version 12.00
# Visual Studio Version 17
VisualStudioVersion = 17.8.34227.203
MinimumVisualStudioVersion = 10.0.40219.1
Project("{FAE04EC0-301F-11D3-BF4B-00C04F79EFBC}") = "PerPage", "PerPage\PerPage.csproj", "{CD6FC899-8D7D-416D-97B4-6680B23264DD}"
EndProject
Project("{FAE04EC0-301F-11D3-BF4B-00C04F79EFBC}") = "GlobalServer", "GlobalServer\GlobalServer.csproj", "{0E0B6C29-595F-4A52-93DC-0637DC7D39C2}"
EndProject
Global
	GlobalSection(SolutionConfigurationPlatforms) = preSolution
		Debug|Any CPU = Debug|Any CPU
		Release|Any CPU = Release|Any CPU
	EndGlobalSection
	GlobalSection(ProjectConfigurationPlatforms) = postSolution
		{CD6FC899-8D7D-416D-97B4-6680B23264DD}.Debug|Any CPU.ActiveCfg = Debug|Any CPU
		{CD6FC899-8D7D-416D-97B4-6680B23264DD}.Debug|Any CPU.Build.0 = Debug|Any CPU
		{CD6FC899-8D7D-416D-97B4-6680B23264DD}.Release|Any CPU.ActiveCfg = Release|Any CPU
		{CD6FC899-8D7D-416D-97B4-6680B23264DD}.Release|Any CPU.Build.0 = Release|Any CPU
		{0E0B6C29-595F-4A52-93DC-0637DC7D39C2}.Debug|Any CPU.ActiveCfg = Debug|Any CPU
		{0E0B6C29-595F-4A52-93DC-0637DC7D39C2}.Debug|Any CPU.Build.0 = Debug|Any CPU
		{0E0B6C29-595F-4A52-93DC-0637DC7D39C2}.Release|Any CPU.ActiveCfg = Release|Any CPU
		{0E0B6C29-595F-4A52-93DC-0637DC7D39C2}.Release|Any CPU.Build.0 = Release|Any CPU
	EndGlobalSection
	GlobalSection(SolutionProperties) = preSolution
		HideSolutionNode = FALSE
	EndGlobalSection
	GlobalSection(ExtensibilityGlobals) = postSolution
		SolutionGuid = {69C2C6FA-5E21-4D04-8899-A3A579E3E7DF}
	EndGlobalSection
EndGlobal
