
Microsoft Visual Studio Solution File, Format Version 12.00
# Visual Studio Version 17
VisualStudioVersion = 17.8.34227.203
MinimumVisualStudioVersion = 10.0.40219.1
Project("{FAE04EC0-301F-11D3-BF4B-00C04F79EFBC}") = "FormDemo", "FormDemo\FormDemo\FormDemo.csproj", "{C3075821-74EB-461C-B58A-1C172034EE92}"
EndProject
Project("{FAE04EC0-301F-11D3-BF4B-00C04F79EFBC}") = "FormDemo.Client", "FormDemo\FormDemo.Client\FormDemo.Client.csproj", "{11627260-2B68-42F2-BA27-3DC4E6B4DF75}"
EndProject
Global
	GlobalSection(SolutionConfigurationPlatforms) = preSolution
		Debug|Any CPU = Debug|Any CPU
		Release|Any CPU = Release|Any CPU
	EndGlobalSection
	GlobalSection(ProjectConfigurationPlatforms) = postSolution
		{C3075821-74EB-461C-B58A-1C172034EE92}.Debug|Any CPU.ActiveCfg = Debug|Any CPU
		{C3075821-74EB-461C-B58A-1C172034EE92}.Debug|Any CPU.Build.0 = Debug|Any CPU
		{C3075821-74EB-461C-B58A-1C172034EE92}.Release|Any CPU.ActiveCfg = Release|Any CPU
		{C3075821-74EB-461C-B58A-1C172034EE92}.Release|Any CPU.Build.0 = Release|Any CPU
		{11627260-2B68-42F2-BA27-3DC4E6B4DF75}.Debug|Any CPU.ActiveCfg = Debug|Any CPU
		{11627260-2B68-42F2-BA27-3DC4E6B4DF75}.Debug|Any CPU.Build.0 = Debug|Any CPU
		{11627260-2B68-42F2-BA27-3DC4E6B4DF75}.Release|Any CPU.ActiveCfg = Release|Any CPU
		{11627260-2B68-42F2-BA27-3DC4E6B4DF75}.Release|Any CPU.Build.0 = Release|Any CPU
	EndGlobalSection
	GlobalSection(SolutionProperties) = preSolution
		HideSolutionNode = FALSE
	EndGlobalSection
	GlobalSection(ExtensibilityGlobals) = postSolution
		SolutionGuid = {8F44F7E1-EF45-40E4-964D-120C58FF7973}
	EndGlobalSection
EndGlobal
