
Microsoft Visual Studio Solution File, Format Version 12.00
# Visual Studio Version 17
VisualStudioVersion = 17.8.34227.203
MinimumVisualStudioVersion = 10.0.40219.1
Project("{FAE04EC0-301F-11D3-BF4B-00C04F79EFBC}") = "SSRDemo", "SSRDemo\SSRDemo.csproj", "{0476909D-C274-486B-BA32-8B58A11D7635}"
EndProject
Project("{FAE04EC0-301F-11D3-BF4B-00C04F79EFBC}") = "BlazorApp1", "BlazorApp1\BlazorApp1.csproj", "{1C51BFDC-2C31-4606-9EF8-1189365FE44F}"
EndProject
Project("{FAE04EC0-301F-11D3-BF4B-00C04F79EFBC}") = "BlazorApp2", "BlazorApp2\BlazorApp2.csproj", "{EB29A81F-1C02-4C12-83B1-8960A1C19418}"
EndProject
Global
	GlobalSection(SolutionConfigurationPlatforms) = preSolution
		Debug|Any CPU = Debug|Any CPU
		Release|Any CPU = Release|Any CPU
	EndGlobalSection
	GlobalSection(ProjectConfigurationPlatforms) = postSolution
		{0476909D-C274-486B-BA32-8B58A11D7635}.Debug|Any CPU.ActiveCfg = Debug|Any CPU
		{0476909D-C274-486B-BA32-8B58A11D7635}.Debug|Any CPU.Build.0 = Debug|Any CPU
		{0476909D-C274-486B-BA32-8B58A11D7635}.Release|Any CPU.ActiveCfg = Release|Any CPU
		{0476909D-C274-486B-BA32-8B58A11D7635}.Release|Any CPU.Build.0 = Release|Any CPU
		{1C51BFDC-2C31-4606-9EF8-1189365FE44F}.Debug|Any CPU.ActiveCfg = Debug|Any CPU
		{1C51BFDC-2C31-4606-9EF8-1189365FE44F}.Debug|Any CPU.Build.0 = Debug|Any CPU
		{1C51BFDC-2C31-4606-9EF8-1189365FE44F}.Release|Any CPU.ActiveCfg = Release|Any CPU
		{1C51BFDC-2C31-4606-9EF8-1189365FE44F}.Release|Any CPU.Build.0 = Release|Any CPU
		{EB29A81F-1C02-4C12-83B1-8960A1C19418}.Debug|Any CPU.ActiveCfg = Debug|Any CPU
		{EB29A81F-1C02-4C12-83B1-8960A1C19418}.Debug|Any CPU.Build.0 = Debug|Any CPU
		{EB29A81F-1C02-4C12-83B1-8960A1C19418}.Release|Any CPU.ActiveCfg = Release|Any CPU
		{EB29A81F-1C02-4C12-83B1-8960A1C19418}.Release|Any CPU.Build.0 = Release|Any CPU
	EndGlobalSection
	GlobalSection(SolutionProperties) = preSolution
		HideSolutionNode = FALSE
	EndGlobalSection
	GlobalSection(ExtensibilityGlobals) = postSolution
		SolutionGuid = {D10F1A7A-B500-43D5-96EB-BAB556925C6E}
	EndGlobalSection
EndGlobal
