
Microsoft Visual Studio Solution File, Format Version 12.00
# Visual Studio Version 17
VisualStudioVersion = 17.8.34227.203
MinimumVisualStudioVersion = 10.0.40219.1
Project("{FAE04EC0-301F-11D3-BF4B-00C04F79EFBC}") = "AuthDemo", "AuthDemo\AuthDemo\AuthDemo.csproj", "{351BEFCB-F99E-467E-BB80-311AF83A5E07}"
EndProject
Project("{FAE04EC0-301F-11D3-BF4B-00C04F79EFBC}") = "AuthDemo.Client", "AuthDemo\AuthDemo.Client\AuthDemo.Client.csproj", "{B345249A-534D-4E76-AED6-DEFF6FA84B07}"
EndProject
Global
	GlobalSection(SolutionConfigurationPlatforms) = preSolution
		Debug|Any CPU = Debug|Any CPU
		Release|Any CPU = Release|Any CPU
	EndGlobalSection
	GlobalSection(ProjectConfigurationPlatforms) = postSolution
		{351BEFCB-F99E-467E-BB80-311AF83A5E07}.Debug|Any CPU.ActiveCfg = Debug|Any CPU
		{351BEFCB-F99E-467E-BB80-311AF83A5E07}.Debug|Any CPU.Build.0 = Debug|Any CPU
		{351BEFCB-F99E-467E-BB80-311AF83A5E07}.Release|Any CPU.ActiveCfg = Release|Any CPU
		{351BEFCB-F99E-467E-BB80-311AF83A5E07}.Release|Any CPU.Build.0 = Release|Any CPU
		{B345249A-534D-4E76-AED6-DEFF6FA84B07}.Debug|Any CPU.ActiveCfg = Debug|Any CPU
		{B345249A-534D-4E76-AED6-DEFF6FA84B07}.Debug|Any CPU.Build.0 = Debug|Any CPU
		{B345249A-534D-4E76-AED6-DEFF6FA84B07}.Release|Any CPU.ActiveCfg = Release|Any CPU
		{B345249A-534D-4E76-AED6-DEFF6FA84B07}.Release|Any CPU.Build.0 = Release|Any CPU
	EndGlobalSection
	GlobalSection(SolutionProperties) = preSolution
		HideSolutionNode = FALSE
	EndGlobalSection
	GlobalSection(ExtensibilityGlobals) = postSolution
		SolutionGuid = {31281B01-D266-4B28-845B-A282889BE062}
	EndGlobalSection
EndGlobal
